<Solution>
  <Folder Name="/src/">
    <Project Path="src/PastaneApp.Api/PastaneApp.Api.csproj" />
    <Project Path="src/PastaneApp.Core/PastaneApp.Core.csproj" />
    <Project Path="src/PastaneApp.Data/PastaneApp.Data.csproj" />
    <Project Path="src/PastaneApp.Web/PastaneApp.Web.csproj" />
  </Folder>
</Solution>
